
Microsoft Visual Studio Solution File, Format Version 12.00
# Visual Studio 2015
Project("{FAE04EC0-301F-11D3-BF4B-00C04F79EFBC}") = "Mythic Of Heroes and Monsters", "Mythic Of Heroes and Monsters.csproj", "{A820D9D9-38D9-A0FF-2FA8-731FC81A18FC}"
EndProject
Global
	GlobalSection(SolutionConfigurationPlatforms) = preSolution
		Debug|Any CPU = Debug|Any CPU
		Release|Any CPU = Release|Any CPU
	EndGlobalSection
	GlobalSection(ProjectConfigurationPlatforms) = postSolution
		{A820D9D9-38D9-A0FF-2FA8-731FC81A18FC}.Debug|Any CPU.ActiveCfg = Debug|Any CPU
		{A820D9D9-38D9-A0FF-2FA8-731FC81A18FC}.Debug|Any CPU.Build.0 = Debug|Any CPU
		{A820D9D9-38D9-A0FF-2FA8-731FC81A18FC}.Release|Any CPU.ActiveCfg = Release|Any CPU
		{A820D9D9-38D9-A0FF-2FA8-731FC81A18FC}.Release|Any CPU.Build.0 = Release|Any CPU
	EndGlobalSection
	GlobalSection(SolutionProperties) = preSolution
		HideSolutionNode = FALSE
	EndGlobalSection
EndGlobal
